
Microsoft Visual Studio Solution File, Format Version 12.00
# Visual Studio 15
VisualStudioVersion = 15.0.28307.489
MinimumVisualStudioVersion = 10.0.40219.1
Project("{FAE04EC0-301F-11D3-BF4B-00C04F79EFBC}") = "Diagrams", "Diagrams\Diagrams.csproj", "{0D3E65A9-BB59-4D77-9E8F-8606EF03AABE}"
EndProject
Global
	GlobalSection(SolutionConfigurationPlatforms) = preSolution
		Debug|Any CPU = Debug|Any CPU
		Release|Any CPU = Release|Any CPU
	EndGlobalSection
	GlobalSection(ProjectConfigurationPlatforms) = postSolution
		{0D3E65A9-BB59-4D77-9E8F-8606EF03AABE}.Debug|Any CPU.ActiveCfg = Debug|Any CPU
		{0D3E65A9-BB59-4D77-9E8F-8606EF03AABE}.Debug|Any CPU.Build.0 = Debug|Any CPU
		{0D3E65A9-BB59-4D77-9E8F-8606EF03AABE}.Release|Any CPU.ActiveCfg = Release|Any CPU
		{0D3E65A9-BB59-4D77-9E8F-8606EF03AABE}.Release|Any CPU.Build.0 = Release|Any CPU
	EndGlobalSection
	GlobalSection(SolutionProperties) = preSolution
		HideSolutionNode = FALSE
	EndGlobalSection
	GlobalSection(ExtensibilityGlobals) = postSolution
		SolutionGuid = {36EF87EC-4A75-4BF9-97F9-45773419C03E}
	EndGlobalSection
EndGlobal
